
Microsoft Visual Studio Solution File, Format Version 12.00
Project("{FAE04EC0-301F-11D3-BF4B-00C04F79EFBC}") = "Examples Hashtable", "Examples Hashtable\Examples Hashtable.csproj", "{D12EB1DE-DD3C-4679-9BF9-E8F7B020DF87}"
EndProject
Project("{FAE04EC0-301F-11D3-BF4B-00C04F79EFBC}") = "Text file", "Text file\Text file.csproj", "{C0D708BA-0813-44D6-AE8F-C922423D401F}"
EndProject
Global
	GlobalSection(SolutionConfigurationPlatforms) = preSolution
		Debug|Any CPU = Debug|Any CPU
		Release|Any CPU = Release|Any CPU
	EndGlobalSection
	GlobalSection(ProjectConfigurationPlatforms) = postSolution
		{D12EB1DE-DD3C-4679-9BF9-E8F7B020DF87}.Debug|Any CPU.ActiveCfg = Debug|Any CPU
		{D12EB1DE-DD3C-4679-9BF9-E8F7B020DF87}.Debug|Any CPU.Build.0 = Debug|Any CPU
		{D12EB1DE-DD3C-4679-9BF9-E8F7B020DF87}.Release|Any CPU.ActiveCfg = Release|Any CPU
		{D12EB1DE-DD3C-4679-9BF9-E8F7B020DF87}.Release|Any CPU.Build.0 = Release|Any CPU
		{C0D708BA-0813-44D6-AE8F-C922423D401F}.Debug|Any CPU.ActiveCfg = Debug|Any CPU
		{C0D708BA-0813-44D6-AE8F-C922423D401F}.Debug|Any CPU.Build.0 = Debug|Any CPU
		{C0D708BA-0813-44D6-AE8F-C922423D401F}.Release|Any CPU.ActiveCfg = Release|Any CPU
		{C0D708BA-0813-44D6-AE8F-C922423D401F}.Release|Any CPU.Build.0 = Release|Any CPU
	EndGlobalSection
EndGlobal
